// !$*UTF8*$!
{
	archiveVersion = 1;
	classes = {
	};
	objectVersion = 56;
	objects = {

/* Begin PBXBuildFile section */
		8507C8652A74560B001E8A03 /* CustomTabBar.swift in Sources */ = {isa = PBXBuildFile; fileRef = 8507C8642A74560B001E8A03 /* CustomTabBar.swift */; };
		851764592A70586C00E959E8 /* CircleButtonWithCross.swift in Sources */ = {isa = PBXBuildFile; fileRef = 851764582A70586C00E959E8 /* CircleButtonWithCross.swift */; };
		8517645D2A705E1700E959E8 /* UpdateModalView.swift in Sources */ = {isa = PBXBuildFile; fileRef = 8517645C2A705E1700E959E8 /* UpdateModalView.swift */; };
		8533622B2A6600E9003127A2 /* AppDelegate.swift in Sources */ = {isa = PBXBuildFile; fileRef = 8533622A2A6600E9003127A2 /* AppDelegate.swift */; };
		8533622D2A6600E9003127A2 /* SceneDelegate.swift in Sources */ = {isa = PBXBuildFile; fileRef = 8533622C2A6600E9003127A2 /* SceneDelegate.swift */; };
		853362322A6600E9003127A2 /* Main.storyboard in Resources */ = {isa = PBXBuildFile; fileRef = 853362302A6600E9003127A2 /* Main.storyboard */; };
		853362372A6600EA003127A2 /* LaunchScreen.storyboard in Resources */ = {isa = PBXBuildFile; fileRef = 853362352A6600EA003127A2 /* LaunchScreen.storyboard */; };
		853362432A660D2B003127A2 /* ImageUploader.swift in Sources */ = {isa = PBXBuildFile; fileRef = 853362422A660D2B003127A2 /* ImageUploader.swift */; };
		856D4E3D2A674946002034D6 /* Lato-Regular.ttf in Resources */ = {isa = PBXBuildFile; fileRef = 856D4E3C2A674945002034D6 /* Lato-Regular.ttf */; };
		856D4E402A676A74002034D6 /* SignUpViewController.swift in Sources */ = {isa = PBXBuildFile; fileRef = 856D4E3F2A676A74002034D6 /* SignUpViewController.swift */; };
		856D4E422A677619002034D6 /* Roboto-Regular.ttf in Resources */ = {isa = PBXBuildFile; fileRef = 856D4E412A677619002034D6 /* Roboto-Regular.ttf */; };
		856D4E442A677CC7002034D6 /* Inter-Regular.ttf in Resources */ = {isa = PBXBuildFile; fileRef = 856D4E432A677CC7002034D6 /* Inter-Regular.ttf */; };
		859695CC2A6735DE00B31C6F /* HomeViewController.swift in Sources */ = {isa = PBXBuildFile; fileRef = 859695CB2A6735DE00B31C6F /* HomeViewController.swift */; };
		85D3756C2A6885C30056CE79 /* SignInViewController.swift in Sources */ = {isa = PBXBuildFile; fileRef = 85D3756B2A6885C30056CE79 /* SignInViewController.swift */; };
		85DD14992A7A149600738423 /* Profile.swift in Sources */ = {isa = PBXBuildFile; fileRef = 85DD14982A7A149600738423 /* Profile.swift */; };
		85DD149C2A7A163F00738423 /* Auth0 in Frameworks */ = {isa = PBXBuildFile; productRef = 85DD149B2A7A163F00738423 /* Auth0 */; };
		85DD149E2A7A181E00738423 /* Auth0.plist in Resources */ = {isa = PBXBuildFile; fileRef = 85DD149D2A7A181E00738423 /* Auth0.plist */; };
		85E1FD4E2A6C9D8900C2DFF1 /* TabBarController.swift in Sources */ = {isa = PBXBuildFile; fileRef = 85E1FD4D2A6C9D8900C2DFF1 /* TabBarController.swift */; };
		85E1FD542A6C9F6C00C2DFF1 /* ScanViewController.swift in Sources */ = {isa = PBXBuildFile; fileRef = 85E1FD532A6C9F6C00C2DFF1 /* ScanViewController.swift */; };
		85E1FD562A6C9FC000C2DFF1 /* ProfileViewController.swift in Sources */ = {isa = PBXBuildFile; fileRef = 85E1FD552A6C9FC000C2DFF1 /* ProfileViewController.swift */; };
		85E1FD582A6CA00800C2DFF1 /* DiagnosisViewController.swift in Sources */ = {isa = PBXBuildFile; fileRef = 85E1FD572A6CA00800C2DFF1 /* DiagnosisViewController.swift */; };
		85E1FD5C2A6CB4EC00C2DFF1 /* Assets.xcassets in Resources */ = {isa = PBXBuildFile; fileRef = 856D4E452A67B36A002034D6 /* Assets.xcassets */; };
		85F43DAF2A7330BD0052E81A /* TermsModalView.swift in Sources */ = {isa = PBXBuildFile; fileRef = 85F43DAE2A7330BD0052E81A /* TermsModalView.swift */; };
/* End PBXBuildFile section */

/* Begin PBXFileReference section */
		8507C8642A74560B001E8A03 /* CustomTabBar.swift */ = {isa = PBXFileReference; lastKnownFileType = sourcecode.swift; path = CustomTabBar.swift; sourceTree = "<group>"; };
		851764582A70586C00E959E8 /* CircleButtonWithCross.swift */ = {isa = PBXFileReference; lastKnownFileType = sourcecode.swift; path = CircleButtonWithCross.swift; sourceTree = "<group>"; };
		8517645C2A705E1700E959E8 /* UpdateModalView.swift */ = {isa = PBXFileReference; lastKnownFileType = sourcecode.swift; path = UpdateModalView.swift; sourceTree = "<group>"; };
		853362272A6600E9003127A2 /* Skinsight.app */ = {isa = PBXFileReference; explicitFileType = wrapper.application; includeInIndex = 0; path = Skinsight.app; sourceTree = BUILT_PRODUCTS_DIR; };
		8533622A2A6600E9003127A2 /* AppDelegate.swift */ = {isa = PBXFileReference; lastKnownFileType = sourcecode.swift; path = AppDelegate.swift; sourceTree = "<group>"; };
		8533622C2A6600E9003127A2 /* SceneDelegate.swift */ = {isa = PBXFileReference; lastKnownFileType = sourcecode.swift; path = SceneDelegate.swift; sourceTree = "<group>"; };
		853362312A6600E9003127A2 /* Base */ = {isa = PBXFileReference; lastKnownFileType = file.storyboard; name = Base; path = Base.lproj/Main.storyboard; sourceTree = "<group>"; };
		853362362A6600EA003127A2 /* Base */ = {isa = PBXFileReference; lastKnownFileType = file.storyboard; name = Base; path = Base.lproj/LaunchScreen.storyboard; sourceTree = "<group>"; };
		853362382A6600EA003127A2 /* Info.plist */ = {isa = PBXFileReference; lastKnownFileType = text.plist.xml; path = Info.plist; sourceTree = "<group>"; };
		853362422A660D2B003127A2 /* ImageUploader.swift */ = {isa = PBXFileReference; lastKnownFileType = sourcecode.swift; path = ImageUploader.swift; sourceTree = "<group>"; };
		856D4E3C2A674945002034D6 /* Lato-Regular.ttf */ = {isa = PBXFileReference; lastKnownFileType = file; path = "Lato-Regular.ttf"; sourceTree = "<group>"; };
		856D4E3F2A676A74002034D6 /* SignUpViewController.swift */ = {isa = PBXFileReference; lastKnownFileType = sourcecode.swift; path = SignUpViewController.swift; sourceTree = "<group>"; };
		856D4E412A677619002034D6 /* Roboto-Regular.ttf */ = {isa = PBXFileReference; lastKnownFileType = file; path = "Roboto-Regular.ttf"; sourceTree = "<group>"; };
		856D4E432A677CC7002034D6 /* Inter-Regular.ttf */ = {isa = PBXFileReference; lastKnownFileType = file; path = "Inter-Regular.ttf"; sourceTree = "<group>"; };
		856D4E452A67B36A002034D6 /* Assets.xcassets */ = {isa = PBXFileReference; lastKnownFileType = folder.assetcatalog; path = Assets.xcassets; sourceTree = "<group>"; };
		859695CB2A6735DE00B31C6F /* HomeViewController.swift */ = {isa = PBXFileReference; lastKnownFileType = sourcecode.swift; path = HomeViewController.swift; sourceTree = "<group>"; };
		85D3756B2A6885C30056CE79 /* SignInViewController.swift */ = {isa = PBXFileReference; lastKnownFileType = sourcecode.swift; path = SignInViewController.swift; sourceTree = "<group>"; };
		85DD14982A7A149600738423 /* Profile.swift */ = {isa = PBXFileReference; lastKnownFileType = sourcecode.swift; path = Profile.swift; sourceTree = "<group>"; };
		85DD149D2A7A181E00738423 /* Auth0.plist */ = {isa = PBXFileReference; lastKnownFileType = text.plist.xml; path = Auth0.plist; sourceTree = "<group>"; };
		85E1FD4D2A6C9D8900C2DFF1 /* TabBarController.swift */ = {isa = PBXFileReference; lastKnownFileType = sourcecode.swift; path = TabBarController.swift; sourceTree = "<group>"; };
		85E1FD532A6C9F6C00C2DFF1 /* ScanViewController.swift */ = {isa = PBXFileReference; lastKnownFileType = sourcecode.swift; path = ScanViewController.swift; sourceTree = "<group>"; };
		85E1FD552A6C9FC000C2DFF1 /* ProfileViewController.swift */ = {isa = PBXFileReference; lastKnownFileType = sourcecode.swift; path = ProfileViewController.swift; sourceTree = "<group>"; };
		85E1FD572A6CA00800C2DFF1 /* DiagnosisViewController.swift */ = {isa = PBXFileReference; lastKnownFileType = sourcecode.swift; path = DiagnosisViewController.swift; sourceTree = "<group>"; };
		85F43DAE2A7330BD0052E81A /* TermsModalView.swift */ = {isa = PBXFileReference; lastKnownFileType = sourcecode.swift; path = TermsModalView.swift; sourceTree = "<group>"; };
/* End PBXFileReference section */

/* Begin PBXFrameworksBuildPhase section */
		853362242A6600E9003127A2 /* Frameworks */ = {
			isa = PBXFrameworksBuildPhase;
			buildActionMask = 2147483647;
			files = (
				85DD149C2A7A163F00738423 /* Auth0 in Frameworks */,
			);
			runOnlyForDeploymentPostprocessing = 0;
		};
/* End PBXFrameworksBuildPhase section */

/* Begin PBXGroup section */
		8533621E2A6600E9003127A2 = {
			isa = PBXGroup;
			children = (
				853362292A6600E9003127A2 /* Skinsight */,
				853362282A6600E9003127A2 /* Products */,
			);
			sourceTree = "<group>";
		};
		853362282A6600E9003127A2 /* Products */ = {
			isa = PBXGroup;
			children = (
				853362272A6600E9003127A2 /* Skinsight.app */,
			);
			name = Products;
			sourceTree = "<group>";
		};
		853362292A6600E9003127A2 /* Skinsight */ = {
			isa = PBXGroup;
			children = (
				8533622A2A6600E9003127A2 /* AppDelegate.swift */,
				8533622C2A6600E9003127A2 /* SceneDelegate.swift */,
				859695C62A67207C00B31C6F /* Models */,
				859695C42A67203A00B31C6F /* Views */,
				859695C52A67206200B31C6F /* Controllers */,
				856D4E3E2A674AC6002034D6 /* Fonts */,
				853362382A6600EA003127A2 /* Info.plist */,
				856D4E452A67B36A002034D6 /* Assets.xcassets */,
				85DD149D2A7A181E00738423 /* Auth0.plist */,
			);
			path = Skinsight;
			sourceTree = "<group>";
		};
		856D4E3E2A674AC6002034D6 /* Fonts */ = {
			isa = PBXGroup;
			children = (
				856D4E432A677CC7002034D6 /* Inter-Regular.ttf */,
				856D4E412A677619002034D6 /* Roboto-Regular.ttf */,
				856D4E3C2A674945002034D6 /* Lato-Regular.ttf */,
			);
			path = Fonts;
			sourceTree = "<group>";
		};
		859695C42A67203A00B31C6F /* Views */ = {
			isa = PBXGroup;
			children = (
				853362352A6600EA003127A2 /* LaunchScreen.storyboard */,
				853362302A6600E9003127A2 /* Main.storyboard */,
				8517645C2A705E1700E959E8 /* UpdateModalView.swift */,
				85F43DAE2A7330BD0052E81A /* TermsModalView.swift */,
			);
			path = Views;
			sourceTree = "<group>";
		};
		859695C52A67206200B31C6F /* Controllers */ = {
			isa = PBXGroup;
			children = (
				85E1FD4D2A6C9D8900C2DFF1 /* TabBarController.swift */,
				859695CB2A6735DE00B31C6F /* HomeViewController.swift */,
				85D3756B2A6885C30056CE79 /* SignInViewController.swift */,
				856D4E3F2A676A74002034D6 /* SignUpViewController.swift */,
				85E1FD572A6CA00800C2DFF1 /* DiagnosisViewController.swift */,
				85E1FD532A6C9F6C00C2DFF1 /* ScanViewController.swift */,
				85E1FD552A6C9FC000C2DFF1 /* ProfileViewController.swift */,
			);
			path = Controllers;
			sourceTree = "<group>";
		};
		859695C62A67207C00B31C6F /* Models */ = {
			isa = PBXGroup;
			children = (
				853362422A660D2B003127A2 /* ImageUploader.swift */,
				851764582A70586C00E959E8 /* CircleButtonWithCross.swift */,
				8507C8642A74560B001E8A03 /* CustomTabBar.swift */,
				85DD14982A7A149600738423 /* Profile.swift */,
			);
			path = Models;
			sourceTree = "<group>";
		};
/* End PBXGroup section */

/* Begin PBXNativeTarget section */
		853362262A6600E9003127A2 /* Skinsight */ = {
			isa = PBXNativeTarget;
			buildConfigurationList = 8533623B2A6600EA003127A2 /* Build configuration list for PBXNativeTarget "Skinsight" */;
			buildPhases = (
				853362232A6600E9003127A2 /* Sources */,
				853362242A6600E9003127A2 /* Frameworks */,
				853362252A6600E9003127A2 /* Resources */,
			);
			buildRules = (
			);
			dependencies = (
			);
			name = Skinsight;
			packageProductDependencies = (
				85DD149B2A7A163F00738423 /* Auth0 */,
			);
			productName = Skinsight;
			productReference = 853362272A6600E9003127A2 /* Skinsight.app */;
			productType = "com.apple.product-type.application";
		};
/* End PBXNativeTarget section */

/* Begin PBXProject section */
		8533621F2A6600E9003127A2 /* Project object */ = {
			isa = PBXProject;
			attributes = {
				BuildIndependentTargetsInParallel = 1;
				LastSwiftUpdateCheck = 1430;
				LastUpgradeCheck = 1430;
				TargetAttributes = {
					853362262A6600E9003127A2 = {
						CreatedOnToolsVersion = 14.3.1;
					};
				};
			};
			buildConfigurationList = 853362222A6600E9003127A2 /* Build configuration list for PBXProject "Skinsight" */;
			compatibilityVersion = "Xcode 14.0";
			developmentRegion = en;
			hasScannedForEncodings = 0;
			knownRegions = (
				en,
				Base,
			);
			mainGroup = 8533621E2A6600E9003127A2;
			packageReferences = (
				85DD149A2A7A163F00738423 /* XCRemoteSwiftPackageReference "Auth0" */,
			);
			productRefGroup = 853362282A6600E9003127A2 /* Products */;
			projectDirPath = "";
			projectRoot = "";
			targets = (
				853362262A6600E9003127A2 /* Skinsight */,
			);
		};
/* End PBXProject section */

/* Begin PBXResourcesBuildPhase section */
		853362252A6600E9003127A2 /* Resources */ = {
			isa = PBXResourcesBuildPhase;
			buildActionMask = 2147483647;
			files = (
				853362372A6600EA003127A2 /* LaunchScreen.storyboard in Resources */,
				856D4E422A677619002034D6 /* Roboto-Regular.ttf in Resources */,
				856D4E3D2A674946002034D6 /* Lato-Regular.ttf in Resources */,
				856D4E442A677CC7002034D6 /* Inter-Regular.ttf in Resources */,
				85E1FD5C2A6CB4EC00C2DFF1 /* Assets.xcassets in Resources */,
				853362322A6600E9003127A2 /* Main.storyboard in Resources */,
				85DD149E2A7A181E00738423 /* Auth0.plist in Resources */,
			);
			runOnlyForDeploymentPostprocessing = 0;
		};
/* End PBXResourcesBuildPhase section */

/* Begin PBXSourcesBuildPhase section */
		853362232A6600E9003127A2 /* Sources */ = {
			isa = PBXSourcesBuildPhase;
			buildActionMask = 2147483647;
			files = (
				85D3756C2A6885C30056CE79 /* SignInViewController.swift in Sources */,
				85DD14992A7A149600738423 /* Profile.swift in Sources */,
				85E1FD4E2A6C9D8900C2DFF1 /* TabBarController.swift in Sources */,
				8507C8652A74560B001E8A03 /* CustomTabBar.swift in Sources */,
				85E1FD562A6C9FC000C2DFF1 /* ProfileViewController.swift in Sources */,
				85F43DAF2A7330BD0052E81A /* TermsModalView.swift in Sources */,
				856D4E402A676A74002034D6 /* SignUpViewController.swift in Sources */,
				859695CC2A6735DE00B31C6F /* HomeViewController.swift in Sources */,
				853362432A660D2B003127A2 /* ImageUploader.swift in Sources */,
				8517645D2A705E1700E959E8 /* UpdateModalView.swift in Sources */,
				851764592A70586C00E959E8 /* CircleButtonWithCross.swift in Sources */,
				8533622B2A6600E9003127A2 /* AppDelegate.swift in Sources */,
				8533622D2A6600E9003127A2 /* SceneDelegate.swift in Sources */,
				85E1FD582A6CA00800C2DFF1 /* DiagnosisViewController.swift in Sources */,
				85E1FD542A6C9F6C00C2DFF1 /* ScanViewController.swift in Sources */,
			);
			runOnlyForDeploymentPostprocessing = 0;
		};
/* End PBXSourcesBuildPhase section */

/* Begin PBXVariantGroup section */
		853362302A6600E9003127A2 /* Main.storyboard */ = {
			isa = PBXVariantGroup;
			children = (
				853362312A6600E9003127A2 /* Base */,
			);
			name = Main.storyboard;
			sourceTree = "<group>";
		};
		853362352A6600EA003127A2 /* LaunchScreen.storyboard */ = {
			isa = PBXVariantGroup;
			children = (
				853362362A6600EA003127A2 /* Base */,
			);
			name = LaunchScreen.storyboard;
			sourceTree = "<group>";
		};
/* End PBXVariantGroup section */

/* Begin XCBuildConfiguration section */
		853362392A6600EA003127A2 /* Debug */ = {
			isa = XCBuildConfiguration;
			buildSettings = {
				ALWAYS_SEARCH_USER_PATHS = NO;
				CLANG_ANALYZER_NONNULL = YES;
				CLANG_ANALYZER_NUMBER_OBJECT_CONVERSION = YES_AGGRESSIVE;
				CLANG_CXX_LANGUAGE_STANDARD = "gnu++20";
				CLANG_ENABLE_MODULES = YES;
				CLANG_ENABLE_OBJC_ARC = YES;
				CLANG_ENABLE_OBJC_WEAK = YES;
				CLANG_WARN_BLOCK_CAPTURE_AUTORELEASING = YES;
				CLANG_WARN_BOOL_CONVERSION = YES;
				CLANG_WARN_COMMA = YES;
				CLANG_WARN_CONSTANT_CONVERSION = YES;
				CLANG_WARN_DEPRECATED_OBJC_IMPLEMENTATIONS = YES;
				CLANG_WARN_DIRECT_OBJC_ISA_USAGE = YES_ERROR;
				CLANG_WARN_DOCUMENTATION_COMMENTS = YES;
				CLANG_WARN_EMPTY_BODY = YES;
				CLANG_WARN_ENUM_CONVERSION = YES;
				CLANG_WARN_INFINITE_RECURSION = YES;
				CLANG_WARN_INT_CONVERSION = YES;
				CLANG_WARN_NON_LITERAL_NULL_CONVERSION = YES;
				CLANG_WARN_OBJC_IMPLICIT_RETAIN_SELF = YES;
				CLANG_WARN_OBJC_LITERAL_CONVERSION = YES;
				CLANG_WARN_OBJC_ROOT_CLASS = YES_ERROR;
				CLANG_WARN_QUOTED_INCLUDE_IN_FRAMEWORK_HEADER = YES;
				CLANG_WARN_RANGE_LOOP_ANALYSIS = YES;
				CLANG_WARN_STRICT_PROTOTYPES = YES;
				CLANG_WARN_SUSPICIOUS_MOVE = YES;
				CLANG_WARN_UNGUARDED_AVAILABILITY = YES_AGGRESSIVE;
				CLANG_WARN_UNREACHABLE_CODE = YES;
				CLANG_WARN__DUPLICATE_METHOD_MATCH = YES;
				COPY_PHASE_STRIP = NO;
				DEBUG_INFORMATION_FORMAT = dwarf;
				ENABLE_STRICT_OBJC_MSGSEND = YES;
				ENABLE_TESTABILITY = YES;
				GCC_C_LANGUAGE_STANDARD = gnu11;
				GCC_DYNAMIC_NO_PIC = NO;
				GCC_NO_COMMON_BLOCKS = YES;
				GCC_OPTIMIZATION_LEVEL = 0;
				GCC_PREPROCESSOR_DEFINITIONS = (
					"DEBUG=1",
					"$(inherited)",
				);
				GCC_WARN_64_TO_32_BIT_CONVERSION = YES;
				GCC_WARN_ABOUT_RETURN_TYPE = YES_ERROR;
				GCC_WARN_UNDECLARED_SELECTOR = YES;
				GCC_WARN_UNINITIALIZED_AUTOS = YES_AGGRESSIVE;
				GCC_WARN_UNUSED_FUNCTION = YES;
				GCC_WARN_UNUSED_VARIABLE = YES;
				IPHONEOS_DEPLOYMENT_TARGET = 16.4;
				MTL_ENABLE_DEBUG_INFO = INCLUDE_SOURCE;
				MTL_FAST_MATH = YES;
				ONLY_ACTIVE_ARCH = YES;
				SDKROOT = iphoneos;
				SWIFT_ACTIVE_COMPILATION_CONDITIONS = DEBUG;
				SWIFT_OPTIMIZATION_LEVEL = "-Onone";
			};
			name = Debug;
		};
		8533623A2A6600EA003127A2 /* Release */ = {
			isa = XCBuildConfiguration;
			buildSettings = {
				ALWAYS_SEARCH_USER_PATHS = NO;
				CLANG_ANALYZER_NONNULL = YES;
				CLANG_ANALYZER_NUMBER_OBJECT_CONVERSION = YES_AGGRESSIVE;
				CLANG_CXX_LANGUAGE_STANDARD = "gnu++20";
				CLANG_ENABLE_MODULES = YES;
				CLANG_ENABLE_OBJC_ARC = YES;
				CLANG_ENABLE_OBJC_WEAK = YES;
				CLANG_WARN_BLOCK_CAPTURE_AUTORELEASING = YES;
				CLANG_WARN_BOOL_CONVERSION = YES;
				CLANG_WARN_COMMA = YES;
				CLANG_WARN_CONSTANT_CONVERSION = YES;
				CLANG_WARN_DEPRECATED_OBJC_IMPLEMENTATIONS = YES;
				CLANG_WARN_DIRECT_OBJC_ISA_USAGE = YES_ERROR;
				CLANG_WARN_DOCUMENTATION_COMMENTS = YES;
				CLANG_WARN_EMPTY_BODY = YES;
				CLANG_WARN_ENUM_CONVERSION = YES;
				CLANG_WARN_INFINITE_RECURSION = YES;
				CLANG_WARN_INT_CONVERSION = YES;
				CLANG_WARN_NON_LITERAL_NULL_CONVERSION = YES;
				CLANG_WARN_OBJC_IMPLICIT_RETAIN_SELF = YES;
				CLANG_WARN_OBJC_LITERAL_CONVERSION = YES;
				CLANG_WARN_OBJC_ROOT_CLASS = YES_ERROR;
				CLANG_WARN_QUOTED_INCLUDE_IN_FRAMEWORK_HEADER = YES;
				CLANG_WARN_RANGE_LOOP_ANALYSIS = YES;
				CLANG_WARN_STRICT_PROTOTYPES = YES;
				CLANG_WARN_SUSPICIOUS_MOVE = YES;
				CLANG_WARN_UNGUARDED_AVAILABILITY = YES_AGGRESSIVE;
				CLANG_WARN_UNREACHABLE_CODE = YES;
				CLANG_WARN__DUPLICATE_METHOD_MATCH = YES;
				COPY_PHASE_STRIP = NO;
				DEBUG_INFORMATION_FORMAT = "dwarf-with-dsym";
				ENABLE_NS_ASSERTIONS = NO;
				ENABLE_STRICT_OBJC_MSGSEND = YES;
				GCC_C_LANGUAGE_STANDARD = gnu11;
				GCC_NO_COMMON_BLOCKS = YES;
				GCC_WARN_64_TO_32_BIT_CONVERSION = YES;
				GCC_WARN_ABOUT_RETURN_TYPE = YES_ERROR;
				GCC_WARN_UNDECLARED_SELECTOR = YES;
				GCC_WARN_UNINITIALIZED_AUTOS = YES_AGGRESSIVE;
				GCC_WARN_UNUSED_FUNCTION = YES;
				GCC_WARN_UNUSED_VARIABLE = YES;
				IPHONEOS_DEPLOYMENT_TARGET = 16.4;
				MTL_ENABLE_DEBUG_INFO = NO;
				MTL_FAST_MATH = YES;
				SDKROOT = iphoneos;
				SWIFT_COMPILATION_MODE = wholemodule;
				SWIFT_OPTIMIZATION_LEVEL = "-O";
				VALIDATE_PRODUCT = YES;
			};
			name = Release;
		};
		8533623C2A6600EA003127A2 /* Debug */ = {
			isa = XCBuildConfiguration;
			buildSettings = {
				ASSETCATALOG_COMPILER_APPICON_NAME = AppIcon;
				ASSETCATALOG_COMPILER_GLOBAL_ACCENT_COLOR_NAME = AccentColor;
				CODE_SIGN_STYLE = Automatic;
				CURRENT_PROJECT_VERSION = 1;
				DEVELOPMENT_TEAM = XY8Y9Y25AP;
				GENERATE_INFOPLIST_FILE = YES;
				INFOPLIST_FILE = Skinsight/Info.plist;
				INFOPLIST_KEY_NSCameraUsageDescription = "This app needs access to the camera to take photos for image scanning.";
				INFOPLIST_KEY_NSPhotoLibraryUsageDescription = "This app needs access to the photo library to take photos for image scanning.";
				INFOPLIST_KEY_UIApplicationSupportsIndirectInputEvents = YES;
				INFOPLIST_KEY_UILaunchStoryboardName = LaunchScreen;
				INFOPLIST_KEY_UIMainStoryboardFile = Main;
				INFOPLIST_KEY_UISupportedInterfaceOrientations = UIInterfaceOrientationPortrait;
				LD_RUNPATH_SEARCH_PATHS = (
					"$(inherited)",
					"@executable_path/Frameworks",
				);
				MARKETING_VERSION = 1.0;
				PRODUCT_BUNDLE_IDENTIFIER = com.mrstonedev.Skinsight;
				PRODUCT_NAME = "$(TARGET_NAME)";
				SWIFT_EMIT_LOC_STRINGS = YES;
				SWIFT_VERSION = 5.0;
				TARGETED_DEVICE_FAMILY = "1,2";
			};
			name = Debug;
		};
		8533623D2A6600EA003127A2 /* Release */ = {
			isa = XCBuildConfiguration;
			buildSettings = {
				ASSETCATALOG_COMPILER_APPICON_NAME = AppIcon;
				ASSETCATALOG_COMPILER_GLOBAL_ACCENT_COLOR_NAME = AccentColor;
				CODE_SIGN_STYLE = Automatic;
				CURRENT_PROJECT_VERSION = 1;
				DEVELOPMENT_TEAM = XY8Y9Y25AP;
				GENERATE_INFOPLIST_FILE = YES;
				INFOPLIST_FILE = Skinsight/Info.plist;
				INFOPLIST_KEY_NSCameraUsageDescription = "This app needs access to the camera to take photos for image scanning.";
				INFOPLIST_KEY_NSPhotoLibraryUsageDescription = "This app needs access to the photo library to take photos for image scanning.";
				INFOPLIST_KEY_UIApplicationSupportsIndirectInputEvents = YES;
				INFOPLIST_KEY_UILaunchStoryboardName = LaunchScreen;
				INFOPLIST_KEY_UIMainStoryboardFile = Main;
				INFOPLIST_KEY_UISupportedInterfaceOrientations = UIInterfaceOrientationPortrait;
				LD_RUNPATH_SEARCH_PATHS = (
					"$(inherited)",
					"@executable_path/Frameworks",
				);
				MARKETING_VERSION = 1.0;
				PRODUCT_BUNDLE_IDENTIFIER = com.mrstonedev.Skinsight;
				PRODUCT_NAME = "$(TARGET_NAME)";
				SWIFT_EMIT_LOC_STRINGS = YES;
				SWIFT_VERSION = 5.0;
				TARGETED_DEVICE_FAMILY = "1,2";
			};
			name = Release;
		};
/* End XCBuildConfiguration section */

/* Begin XCConfigurationList section */
		853362222A6600E9003127A2 /* Build configuration list for PBXProject "Skinsight" */ = {
			isa = XCConfigurationList;
			buildConfigurations = (
				853362392A6600EA003127A2 /* Debug */,
				8533623A2A6600EA003127A2 /* Release */,
			);
			defaultConfigurationIsVisible = 0;
			defaultConfigurationName = Release;
		};
		8533623B2A6600EA003127A2 /* Build configuration list for PBXNativeTarget "Skinsight" */ = {
			isa = XCConfigurationList;
			buildConfigurations = (
				8533623C2A6600EA003127A2 /* Debug */,
				8533623D2A6600EA003127A2 /* Release */,
			);
			defaultConfigurationIsVisible = 0;
			defaultConfigurationName = Release;
		};
/* End XCConfigurationList section */

/* Begin XCRemoteSwiftPackageReference section */
		85DD149A2A7A163F00738423 /* XCRemoteSwiftPackageReference "Auth0" */ = {
			isa = XCRemoteSwiftPackageReference;
			repositoryURL = "https://github.com/auth0/Auth0.swift";
			requirement = {
				kind = upToNextMinorVersion;
				minimumVersion = 2.5.0;
			};
		};
/* End XCRemoteSwiftPackageReference section */

/* Begin XCSwiftPackageProductDependency section */
		85DD149B2A7A163F00738423 /* Auth0 */ = {
			isa = XCSwiftPackageProductDependency;
			package = 85DD149A2A7A163F00738423 /* XCRemoteSwiftPackageReference "Auth0" */;
			productName = Auth0;
		};
/* End XCSwiftPackageProductDependency section */
	};
	rootObject = 8533621F2A6600E9003127A2 /* Project object */;
}
